
Microsoft Visual Studio Solution File, Format Version 12.00
# Visual Studio Version 17
VisualStudioVersion = 17.0.31903.59
MinimumVisualStudioVersion = 10.0.40219.1
Project("{FAE04EC0-301F-11D3-BF4B-00C04F79EFBC}") = "KognaController", "App\KognaController.csproj", "{D5753F18-1F7B-4067-A095-BA4CEFD59708}"
EndProject
Project("{2150E333-8FDC-42A3-9474-1A3956D46DE8}") = "App", "App", "{F95F473B-E98A-ACD6-1986-755F447BE36F}"
EndProject
Project("{FAE04EC0-301F-11D3-BF4B-00C04F79EFBC}") = "KinematicEngine", "App\Server\KinematicEngine\KinematicEngine.csproj", "{606DBF55-6F22-467F-94B6-8F11AE8CCC9F}"
EndProject
Project("{FAE04EC0-301F-11D3-BF4B-00C04F79EFBC}") = "Server", "App\Server\Server.csproj", "{FDDCAF52-61CD-4B54-A664-03A50B9E585E}"
EndProject
Project("{FAE04EC0-301F-11D3-BF4B-00C04F79EFBC}") = "TCPServer", "App\Server\TCPServer\TCPServer.csproj", "{5F973A79-3158-4EDC-99B8-510F4FA87FAA}"
EndProject
Project("{FAE04EC0-301F-11D3-BF4B-00C04F79EFBC}") = "GeometryEngine", "App\Server\GeometryEngine\GeometryEngine.csproj", "{7F973A79-3158-4EDC-99B8-510F4FA87FAB}"
EndProject
Global
	GlobalSection(SolutionConfigurationPlatforms) = preSolution
		Debug|Any CPU = Debug|Any CPU
		Debug|x64 = Debug|x64
		Debug|x86 = Debug|x86
		Release|Any CPU = Release|Any CPU
		Release|x64 = Release|x64
		Release|x86 = Release|x86
	EndGlobalSection
	GlobalSection(ProjectConfigurationPlatforms) = postSolution
		{D5753F18-1F7B-4067-A095-BA4CEFD59708}.Debug|Any CPU.ActiveCfg = Debug|Any CPU
		{D5753F18-1F7B-4067-A095-BA4CEFD59708}.Debug|Any CPU.Build.0 = Debug|Any CPU
		{D5753F18-1F7B-4067-A095-BA4CEFD59708}.Debug|x64.ActiveCfg = Debug|Any CPU
		{D5753F18-1F7B-4067-A095-BA4CEFD59708}.Debug|x64.Build.0 = Debug|Any CPU
		{D5753F18-1F7B-4067-A095-BA4CEFD59708}.Debug|x86.ActiveCfg = Debug|Any CPU
		{D5753F18-1F7B-4067-A095-BA4CEFD59708}.Debug|x86.Build.0 = Debug|Any CPU
		{D5753F18-1F7B-4067-A095-BA4CEFD59708}.Release|Any CPU.ActiveCfg = Release|Any CPU
		{D5753F18-1F7B-4067-A095-BA4CEFD59708}.Release|Any CPU.Build.0 = Release|Any CPU
		{D5753F18-1F7B-4067-A095-BA4CEFD59708}.Release|x64.ActiveCfg = Release|Any CPU
		{D5753F18-1F7B-4067-A095-BA4CEFD59708}.Release|x64.Build.0 = Release|Any CPU
		{D5753F18-1F7B-4067-A095-BA4CEFD59708}.Release|x86.ActiveCfg = Release|Any CPU
		{D5753F18-1F7B-4067-A095-BA4CEFD59708}.Release|x86.Build.0 = Release|Any CPU
		{606DBF55-6F22-467F-94B6-8F11AE8CCC9F}.Debug|Any CPU.ActiveCfg = Debug|Any CPU
		{606DBF55-6F22-467F-94B6-8F11AE8CCC9F}.Debug|Any CPU.Build.0 = Debug|Any CPU
		{606DBF55-6F22-467F-94B6-8F11AE8CCC9F}.Debug|x64.ActiveCfg = Debug|Any CPU
		{606DBF55-6F22-467F-94B6-8F11AE8CCC9F}.Debug|x64.Build.0 = Debug|Any CPU
		{606DBF55-6F22-467F-94B6-8F11AE8CCC9F}.Debug|x86.ActiveCfg = Debug|Any CPU
		{606DBF55-6F22-467F-94B6-8F11AE8CCC9F}.Debug|x86.Build.0 = Debug|Any CPU
		{606DBF55-6F22-467F-94B6-8F11AE8CCC9F}.Release|Any CPU.ActiveCfg = Release|Any CPU
		{606DBF55-6F22-467F-94B6-8F11AE8CCC9F}.Release|Any CPU.Build.0 = Release|Any CPU
		{606DBF55-6F22-467F-94B6-8F11AE8CCC9F}.Release|x64.ActiveCfg = Release|Any CPU
		{606DBF55-6F22-467F-94B6-8F11AE8CCC9F}.Release|x64.Build.0 = Release|Any CPU
		{606DBF55-6F22-467F-94B6-8F11AE8CCC9F}.Release|x86.ActiveCfg = Release|Any CPU
		{606DBF55-6F22-467F-94B6-8F11AE8CCC9F}.Release|x86.Build.0 = Release|Any CPU
		{FDDCAF52-61CD-4B54-A664-03A50B9E585E}.Debug|Any CPU.ActiveCfg = Debug|Any CPU
		{FDDCAF52-61CD-4B54-A664-03A50B9E585E}.Debug|Any CPU.Build.0 = Debug|Any CPU
		{FDDCAF52-61CD-4B54-A664-03A50B9E585E}.Debug|x64.ActiveCfg = Debug|Any CPU
		{FDDCAF52-61CD-4B54-A664-03A50B9E585E}.Debug|x64.Build.0 = Debug|Any CPU
		{FDDCAF52-61CD-4B54-A664-03A50B9E585E}.Debug|x86.ActiveCfg = Debug|Any CPU
		{FDDCAF52-61CD-4B54-A664-03A50B9E585E}.Debug|x86.Build.0 = Debug|Any CPU
		{FDDCAF52-61CD-4B54-A664-03A50B9E585E}.Release|Any CPU.ActiveCfg = Release|Any CPU
		{FDDCAF52-61CD-4B54-A664-03A50B9E585E}.Release|Any CPU.Build.0 = Release|Any CPU
		{FDDCAF52-61CD-4B54-A664-03A50B9E585E}.Release|x64.ActiveCfg = Release|Any CPU
		{FDDCAF52-61CD-4B54-A664-03A50B9E585E}.Release|x64.Build.0 = Release|Any CPU
		{FDDCAF52-61CD-4B54-A664-03A50B9E585E}.Release|x86.ActiveCfg = Release|Any CPU
		{FDDCAF52-61CD-4B54-A664-03A50B9E585E}.Release|x86.Build.0 = Release|Any CPU
		{5F973A79-3158-4EDC-99B8-510F4FA87FAA}.Debug|Any CPU.ActiveCfg = Debug|Any CPU
		{5F973A79-3158-4EDC-99B8-510F4FA87FAA}.Debug|Any CPU.Build.0 = Debug|Any CPU
		{5F973A79-3158-4EDC-99B8-510F4FA87FAA}.Debug|x64.ActiveCfg = Debug|Any CPU
		{5F973A79-3158-4EDC-99B8-510F4FA87FAA}.Debug|x64.Build.0 = Debug|Any CPU
		{5F973A79-3158-4EDC-99B8-510F4FA87FAA}.Debug|x86.ActiveCfg = Debug|Any CPU
		{5F973A79-3158-4EDC-99B8-510F4FA87FAA}.Debug|x86.Build.0 = Debug|Any CPU
		{5F973A79-3158-4EDC-99B8-510F4FA87FAA}.Release|Any CPU.ActiveCfg = Release|Any CPU
		{5F973A79-3158-4EDC-99B8-510F4FA87FAA}.Release|Any CPU.Build.0 = Release|Any CPU
		{5F973A79-3158-4EDC-99B8-510F4FA87FAA}.Release|x64.ActiveCfg = Release|Any CPU
		{5F973A79-3158-4EDC-99B8-510F4FA87FAA}.Release|x64.Build.0 = Release|Any CPU
		{5F973A79-3158-4EDC-99B8-510F4FA87FAA}.Release|x86.ActiveCfg = Release|Any CPU
		{5F973A79-3158-4EDC-99B8-510F4FA87FAA}.Release|x86.Build.0 = Release|Any CPU
		{7F973A79-3158-4EDC-99B8-510F4FA87FAB}.Debug|Any CPU.ActiveCfg = Debug|Any CPU
		{7F973A79-3158-4EDC-99B8-510F4FA87FAB}.Debug|Any CPU.Build.0 = Debug|Any CPU
		{7F973A79-3158-4EDC-99B8-510F4FA87FAB}.Debug|x64.ActiveCfg = Debug|Any CPU
		{7F973A79-3158-4EDC-99B8-510F4FA87FAB}.Debug|x64.Build.0 = Debug|Any CPU
		{7F973A79-3158-4EDC-99B8-510F4FA87FAB}.Debug|x86.ActiveCfg = Debug|Any CPU
		{7F973A79-3158-4EDC-99B8-510F4FA87FAB}.Debug|x86.Build.0 = Debug|Any CPU
		{7F973A79-3158-4EDC-99B8-510F4FA87FAB}.Release|Any CPU.ActiveCfg = Release|Any CPU
		{7F973A79-3158-4EDC-99B8-510F4FA87FAB}.Release|Any CPU.Build.0 = Release|Any CPU
		{7F973A79-3158-4EDC-99B8-510F4FA87FAB}.Release|x64.ActiveCfg = Release|Any CPU
		{7F973A79-3158-4EDC-99B8-510F4FA87FAB}.Release|x64.Build.0 = Release|Any CPU
		{7F973A79-3158-4EDC-99B8-510F4FA87FAB}.Release|x86.ActiveCfg = Release|Any CPU
		{7F973A79-3158-4EDC-99B8-510F4FA87FAB}.Release|x86.Build.0 = Release|Any CPU
	EndGlobalSection
	GlobalSection(SolutionProperties) = preSolution
		HideSolutionNode = FALSE
	EndGlobalSection
	GlobalSection(NestedProjects) = preSolution
		{606DBF55-6F22-467F-94B6-8F11AE8CCC9F} = {F95F473B-E98A-ACD6-1986-755F447BE36F}
		{FDDCAF52-61CD-4B54-A664-03A50B9E585E} = {F95F473B-E98A-ACD6-1986-755F447BE36F}
		{5F973A79-3158-4EDC-99B8-510F4FA87FAA} = {FDDCAF52-61CD-4B54-A664-03A50B9E585E}
		{7F973A79-3158-4EDC-99B8-510F4FA87FAB} = {FDDCAF52-61CD-4B54-A664-03A50B9E585E}
	EndGlobalSection
EndGlobal
